{
    "name": "@bradthomasbrown/entity",
    "version": "1.0.1",
    "lockfileVersion": 3,
    "requires": true,
    "packages": {
        "": {
            "name": "@bradthomasbrown/entity",
            "version": "1.0.1",
            "dependencies": {
                "@bradthomasbrown/ecdsa": "^2.0.1",
                "@bradthomasbrown/finite-curve": "^3.0.0",
                "@bradthomasbrown/finite-domain": "^2.0.0",
                "@bradthomasbrown/keccak": "^1.0.1"
            },
            "devDependencies": {
                "@types/bun": "^1.3.5"
            }
        },
        "node_modules/@bradthomasbrown/ecdsa": {
            "version": "2.0.1",
            "resolved": "https://registry.npmjs.org/@bradthomasbrown/ecdsa/-/ecdsa-2.0.1.tgz",
            "integrity": "sha512-nb9m3OiH9uzlV19b1VwEqied/xVyaJcS2ITPBKLh+kvTj+/XGS6FiUQuToqRMH1+TRVsJWT4HHPH4Hdy77pjQQ==",
            "dependencies": {
                "@bradthomasbrown/finite-curve": "^3.0.0",
                "@bradthomasbrown/finite-domain": "^2.0.0",
                "@bradthomasbrown/keccak": "^1.0.0"
            }
        },
        "node_modules/@bradthomasbrown/finite-curve": {
            "version": "3.0.0",
            "resolved": "https://registry.npmjs.org/@bradthomasbrown/finite-curve/-/finite-curve-3.0.0.tgz",
            "integrity": "sha512-iUnTvhfAjp5iYWU89KWyNMRN4Z1SdeOB963vMW48ea3/OgSWCcgtd7BM2mZJm/hez0+iEPo8LIFuE5EsH6jzqA==",
            "dependencies": {
                "@bradthomasbrown/finite-field": "^2.0.0"
            }
        },
        "node_modules/@bradthomasbrown/finite-domain": {
            "version": "2.0.0",
            "resolved": "https://registry.npmjs.org/@bradthomasbrown/finite-domain/-/finite-domain-2.0.0.tgz",
            "integrity": "sha512-cGJsXPFKQ+CkGexolfTD8k3I6XIXN5iODPcBKZ7TaivVWezuMCVH1rApWzhZHVL4PYAYJZuX2UfFoXJ/Ewsuew==",
            "dependencies": {
                "@bradthomasbrown/finite-curve": "^3.0.0",
                "@bradthomasbrown/finite-field": "^2.0.0"
            }
        },
        "node_modules/@bradthomasbrown/finite-field": {
            "version": "2.0.5",
            "resolved": "https://registry.npmjs.org/@bradthomasbrown/finite-field/-/finite-field-2.0.5.tgz",
            "integrity": "sha512-poncxbfqYkK4vHnTbxUNqOjTwPLda2eNCkZirwuonhcPCqO7dCPsgYO7PRHmgjPw2s4PMk0ZsVek8+qHvcEPUQ=="
        },
        "node_modules/@bradthomasbrown/keccak": {
            "version": "1.0.1",
            "resolved": "https://registry.npmjs.org/@bradthomasbrown/keccak/-/keccak-1.0.1.tgz",
            "integrity": "sha512-C8cOLcHJ2Wgq7xWUy0/OGT3qzMY3GNcs6QFnwHv5oYGorrP/EmJ5XeAm37FWK+o+Gq0qbPgCAR1wuACIw7rOKA=="
        },
        "node_modules/@types/bun": {
            "version": "1.3.5",
            "resolved": "https://registry.npmjs.org/@types/bun/-/bun-1.3.5.tgz",
            "integrity": "sha512-RnygCqNrd3srIPEWBd5LFeUYG7plCoH2Yw9WaZGyNmdTEei+gWaHqydbaIRkIkcbXwhBT94q78QljxN0Sk838w==",
            "dev": true,
            "license": "MIT",
            "dependencies": {
                "bun-types": "1.3.5"
            }
        },
        "node_modules/@types/node": {
            "version": "25.0.3",
            "resolved": "https://registry.npmjs.org/@types/node/-/node-25.0.3.tgz",
            "integrity": "sha512-W609buLVRVmeW693xKfzHeIV6nJGGz98uCPfeXI1ELMLXVeKYZ9m15fAMSaUPBHYLGFsVRcMmSCksQOrZV9BYA==",
            "dev": true,
            "license": "MIT",
            "dependencies": {
                "undici-types": "~7.16.0"
            }
        },
        "node_modules/bun-types": {
            "version": "1.3.5",
            "resolved": "https://registry.npmjs.org/bun-types/-/bun-types-1.3.5.tgz",
            "integrity": "sha512-inmAYe2PFLs0SUbFOWSVD24sg1jFlMPxOjOSSCYqUgn4Hsc3rDc7dFvfVYjFPNHtov6kgUeulV4SxbuIV/stPw==",
            "dev": true,
            "license": "MIT",
            "dependencies": {
                "@types/node": "*"
            }
        },
        "node_modules/undici-types": {
            "version": "7.16.0",
            "resolved": "https://registry.npmjs.org/undici-types/-/undici-types-7.16.0.tgz",
            "integrity": "sha512-Zz+aZWSj8LE6zoxD+xrjh4VfkIG8Ya6LvYkZqtUQGJPZjYl53ypCaUwWqo7eI0x66KBGeRo+mlBEkMSeSZ38Nw==",
            "dev": true,
            "license": "MIT"
        }
    }
}
